
Microsoft Visual Studio Solution File, Format Version 12.00
# Visual Studio Version 16
VisualStudioVersion = 16.0.30011.22
MinimumVisualStudioVersion = 10.0.40219.1
Project("{FAE04EC0-301F-11D3-BF4B-00C04F79EFBC}") = "FSM35Player", "FSM35Player\FSM35Player.csproj", "{7AAC73AF-C1E9-4625-BF18-5BD6C92BCFBF}"
EndProject
Global
	GlobalSection(SolutionConfigurationPlatforms) = preSolution
		Debug|Any CPU = Debug|Any CPU
		Release|Any CPU = Release|Any CPU
	EndGlobalSection
	GlobalSection(ProjectConfigurationPlatforms) = postSolution
		{7AAC73AF-C1E9-4625-BF18-5BD6C92BCFBF}.Debug|Any CPU.ActiveCfg = Debug|Any CPU
		{7AAC73AF-C1E9-4625-BF18-5BD6C92BCFBF}.Debug|Any CPU.Build.0 = Debug|Any CPU
		{7AAC73AF-C1E9-4625-BF18-5BD6C92BCFBF}.Release|Any CPU.ActiveCfg = Release|Any CPU
		{7AAC73AF-C1E9-4625-BF18-5BD6C92BCFBF}.Release|Any CPU.Build.0 = Release|Any CPU
	EndGlobalSection
	GlobalSection(SolutionProperties) = preSolution
		HideSolutionNode = FALSE
	EndGlobalSection
	GlobalSection(ExtensibilityGlobals) = postSolution
		SolutionGuid = {C2C455BA-F787-4BA6-8E35-B83ECFBD80C1}
	EndGlobalSection
EndGlobal
